// !$*UTF8*$!
{
	archiveVersion = 1;
	classes = {
	};
	objectVersion = 46;
	objects = {

/* Begin PBXBuildFile section */
		F27F02641C1964E600E0F888 /* main.swift in Sources */ = {isa = PBXBuildFile; fileRef = F27F02631C1964E600E0F888 /* main.swift */; };
/* End PBXBuildFile section */

/* Begin PBXContainerItemProxy section */
		F27F02811C196F6800E0F888 /* PBXContainerItemProxy */ = {
			isa = PBXContainerItemProxy;
			containerPortal = F27F027D1C196F6700E0F888 /* test1.xcodeproj */;
			proxyType = 2;
			remoteGlobalIDString = F27F02731C196F6600E0F888;
			remoteInfo = test1;
		};
/* End PBXContainerItemProxy section */

/* Begin PBXCopyFilesBuildPhase section */
		F27F025E1C1964E600E0F888 /* CopyFiles */ = {
			isa = PBXCopyFilesBuildPhase;
			buildActionMask = 2147483647;
			dstPath = /usr/share/man/man1/;
			dstSubfolderSpec = 0;
			files = (
			);
			runOnlyForDeploymentPostprocessing = 1;
		};
/* End PBXCopyFilesBuildPhase section */

/* Begin PBXFileReference section */
		F27F02601C1964E600E0F888 /* swift */ = {isa = PBXFileReference; explicitFileType = "compiled.mach-o.executable"; includeInIndex = 0; path = swift; sourceTree = BUILT_PRODUCTS_DIR; };
		F27F02631C1964E600E0F888 /* main.swift */ = {isa = PBXFileReference; lastKnownFileType = sourcecode.swift; path = main.swift; sourceTree = "<group>"; };
		F27F027D1C196F6700E0F888 /* test1.xcodeproj */ = {isa = PBXFileReference; lastKnownFileType = "wrapper.pb-project"; name = test1.xcodeproj; path = test1/test1.xcodeproj; sourceTree = "<group>"; };
/* End PBXFileReference section */

/* Begin PBXFrameworksBuildPhase section */
		F27F025D1C1964E600E0F888 /* Frameworks */ = {
			isa = PBXFrameworksBuildPhase;
			buildActionMask = 2147483647;
			files = (
			);
			runOnlyForDeploymentPostprocessing = 0;
		};
/* End PBXFrameworksBuildPhase section */

/* Begin PBXGroup section */
		F27F02571C1964E600E0F888 = {
			isa = PBXGroup;
			children = (
				F27F02621C1964E600E0F888 /* swift */,
				F27F02611C1964E600E0F888 /* Products */,
			);
			sourceTree = "<group>";
		};
		F27F02611C1964E600E0F888 /* Products */ = {
			isa = PBXGroup;
			children = (
				F27F02601C1964E600E0F888 /* swift */,
			);
			name = Products;
			sourceTree = "<group>";
		};
		F27F02621C1964E600E0F888 /* swift */ = {
			isa = PBXGroup;
			children = (
				F27F027D1C196F6700E0F888 /* test1.xcodeproj */,
				F27F02631C1964E600E0F888 /* main.swift */,
			);
			path = swift;
			sourceTree = "<group>";
		};
		F27F027E1C196F6700E0F888 /* Products */ = {
			isa = PBXGroup;
			children = (
				F27F02821C196F6800E0F888 /* test1 */,
			);
			name = Products;
			sourceTree = "<group>";
		};
/* End PBXGroup section */

/* Begin PBXNativeTarget section */
		F27F025F1C1964E600E0F888 /* swift */ = {
			isa = PBXNativeTarget;
			buildConfigurationList = F27F02671C1964E600E0F888 /* Build configuration list for PBXNativeTarget "swift" */;
			buildPhases = (
				F27F025C1C1964E600E0F888 /* Sources */,
				F27F025D1C1964E600E0F888 /* Frameworks */,
				F27F025E1C1964E600E0F888 /* CopyFiles */,
			);
			buildRules = (
			);
			dependencies = (
			);
			name = swift;
			productName = swift;
			productReference = F27F02601C1964E600E0F888 /* swift */;
			productType = "com.apple.product-type.tool";
		};
/* End PBXNativeTarget section */

/* Begin PBXProject section */
		F27F02581C1964E600E0F888 /* Project object */ = {
			isa = PBXProject;
			attributes = {
				LastSwiftUpdateCheck = 0710;
				LastUpgradeCheck = 0710;
				ORGANIZATIONNAME = Eason.com.tw;
				TargetAttributes = {
					F27F025F1C1964E600E0F888 = {
						CreatedOnToolsVersion = 7.1.1;
					};
				};
			};
			buildConfigurationList = F27F025B1C1964E600E0F888 /* Build configuration list for PBXProject "swift" */;
			compatibilityVersion = "Xcode 3.2";
			developmentRegion = English;
			hasScannedForEncodings = 0;
			knownRegions = (
				en,
			);
			mainGroup = F27F02571C1964E600E0F888;
			productRefGroup = F27F02611C1964E600E0F888 /* Products */;
			projectDirPath = "";
			projectReferences = (
				{
					ProductGroup = F27F027E1C196F6700E0F888 /* Products */;
					ProjectRef = F27F027D1C196F6700E0F888 /* test1.xcodeproj */;
				},
			);
			projectRoot = "";
			targets = (
				F27F025F1C1964E600E0F888 /* swift */,
			);
		};
/* End PBXProject section */

/* Begin PBXReferenceProxy section */
		F27F02821C196F6800E0F888 /* test1 */ = {
			isa = PBXReferenceProxy;
			fileType = "compiled.mach-o.executable";
			path = test1;
			remoteRef = F27F02811C196F6800E0F888 /* PBXContainerItemProxy */;
			sourceTree = BUILT_PRODUCTS_DIR;
		};
/* End PBXReferenceProxy section */

/* Begin PBXSourcesBuildPhase section */
		F27F025C1C1964E600E0F888 /* Sources */ = {
			isa = PBXSourcesBuildPhase;
			buildActionMask = 2147483647;
			files = (
				F27F02641C1964E600E0F888 /* main.swift in Sources */,
			);
			runOnlyForDeploymentPostprocessing = 0;
		};
/* End PBXSourcesBuildPhase section */

/* Begin XCBuildConfiguration section */
		F27F02651C1964E600E0F888 /* Debug */ = {
			isa = XCBuildConfiguration;
			buildSettings = {
				ALWAYS_SEARCH_USER_PATHS = NO;
				CLANG_CXX_LANGUAGE_STANDARD = "gnu++0x";
				CLANG_CXX_LIBRARY = "libc++";
				CLANG_ENABLE_MODULES = YES;
				CLANG_ENABLE_OBJC_ARC = YES;
				CLANG_WARN_BOOL_CONVERSION = YES;
				CLANG_WARN_CONSTANT_CONVERSION = YES;
				CLANG_WARN_DIRECT_OBJC_ISA_USAGE = YES_ERROR;
				CLANG_WARN_EMPTY_BODY = YES;
				CLANG_WARN_ENUM_CONVERSION = YES;
				CLANG_WARN_INT_CONVERSION = YES;
				CLANG_WARN_OBJC_ROOT_CLASS = YES_ERROR;
				CLANG_WARN_UNREACHABLE_CODE = YES;
				CLANG_WARN__DUPLICATE_METHOD_MATCH = YES;
				CODE_SIGN_IDENTITY = "-";
				COPY_PHASE_STRIP = NO;
				DEBUG_INFORMATION_FORMAT = dwarf;
				ENABLE_STRICT_OBJC_MSGSEND = YES;
				ENABLE_TESTABILITY = YES;
				GCC_C_LANGUAGE_STANDARD = gnu99;
				GCC_DYNAMIC_NO_PIC = NO;
				GCC_NO_COMMON_BLOCKS = YES;
				GCC_OPTIMIZATION_LEVEL = 0;
				GCC_PREPROCESSOR_DEFINITIONS = (
					"DEBUG=1",
					"$(inherited)",
				);
				GCC_WARN_64_TO_32_BIT_CONVERSION = YES;
				GCC_WARN_ABOUT_RETURN_TYPE = YES_ERROR;
				GCC_WARN_UNDECLARED_SELECTOR = YES;
				GCC_WARN_UNINITIALIZED_AUTOS = YES_AGGRESSIVE;
				GCC_WARN_UNUSED_FUNCTION = YES;
				GCC_WARN_UNUSED_VARIABLE = YES;
				MACOSX_DEPLOYMENT_TARGET = 10.10;
				MTL_ENABLE_DEBUG_INFO = YES;
				ONLY_ACTIVE_ARCH = YES;
				SDKROOT = macosx;
				SWIFT_OPTIMIZATION_LEVEL = "-Onone";
			};
			name = Debug;
		};
		F27F02661C1964E600E0F888 /* Release */ = {
			isa = XCBuildConfiguration;
			buildSettings = {
				ALWAYS_SEARCH_USER_PATHS = NO;
				CLANG_CXX_LANGUAGE_STANDARD = "gnu++0x";
				CLANG_CXX_LIBRARY = "libc++";
				CLANG_ENABLE_MODULES = YES;
				CLANG_ENABLE_OBJC_ARC = YES;
				CLANG_WARN_BOOL_CONVERSION = YES;
				CLANG_WARN_CONSTANT_CONVERSION = YES;
				CLANG_WARN_DIRECT_OBJC_ISA_USAGE = YES_ERROR;
				CLANG_WARN_EMPTY_BODY = YES;
				CLANG_WARN_ENUM_CONVERSION = YES;
				CLANG_WARN_INT_CONVERSION = YES;
				CLANG_WARN_OBJC_ROOT_CLASS = YES_ERROR;
				CLANG_WARN_UNREACHABLE_CODE = YES;
				CLANG_WARN__DUPLICATE_METHOD_MATCH = YES;
				CODE_SIGN_IDENTITY = "-";
				COPY_PHASE_STRIP = NO;
				DEBUG_INFORMATION_FORMAT = "dwarf-with-dsym";
				ENABLE_NS_ASSERTIONS = NO;
				ENABLE_STRICT_OBJC_MSGSEND = YES;
				GCC_C_LANGUAGE_STANDARD = gnu99;
				GCC_NO_COMMON_BLOCKS = YES;
				GCC_WARN_64_TO_32_BIT_CONVERSION = YES;
				GCC_WARN_ABOUT_RETURN_TYPE = YES_ERROR;
				GCC_WARN_UNDECLARED_SELECTOR = YES;
				GCC_WARN_UNINITIALIZED_AUTOS = YES_AGGRESSIVE;
				GCC_WARN_UNUSED_FUNCTION = YES;
				GCC_WARN_UNUSED_VARIABLE = YES;
				MACOSX_DEPLOYMENT_TARGET = 10.10;
				MTL_ENABLE_DEBUG_INFO = NO;
				SDKROOT = macosx;
			};
			name = Release;
		};
		F27F02681C1964E600E0F888 /* Debug */ = {
			isa = XCBuildConfiguration;
			buildSettings = {
				PRODUCT_NAME = "$(TARGET_NAME)";
			};
			name = Debug;
		};
		F27F02691C1964E600E0F888 /* Release */ = {
			isa = XCBuildConfiguration;
			buildSettings = {
				PRODUCT_NAME = "$(TARGET_NAME)";
			};
			name = Release;
		};
/* End XCBuildConfiguration section */

/* Begin XCConfigurationList section */
		F27F025B1C1964E600E0F888 /* Build configuration list for PBXProject "swift" */ = {
			isa = XCConfigurationList;
			buildConfigurations = (
				F27F02651C1964E600E0F888 /* Debug */,
				F27F02661C1964E600E0F888 /* Release */,
			);
			defaultConfigurationIsVisible = 0;
			defaultConfigurationName = Release;
		};
		F27F02671C1964E600E0F888 /* Build configuration list for PBXNativeTarget "swift" */ = {
			isa = XCConfigurationList;
			buildConfigurations = (
				F27F02681C1964E600E0F888 /* Debug */,
				F27F02691C1964E600E0F888 /* Release */,
			);
			defaultConfigurationIsVisible = 0;
		};
/* End XCConfigurationList section */
	};
	rootObject = F27F02581C1964E600E0F888 /* Project object */;
}
