// !$*UTF8*$!
{
	archiveVersion = 1;
	classes = {
	};
	objectVersion = 46;
	objects = {

/* Begin PBXBuildFile section */
		F211BFF81D2D3A7500DC799C /* AppDelegate.swift in Sources */ = {isa = PBXBuildFile; fileRef = F211BFF71D2D3A7500DC799C /* AppDelegate.swift */; };
		F211BFFA1D2D3A7500DC799C /* ViewController.swift in Sources */ = {isa = PBXBuildFile; fileRef = F211BFF91D2D3A7500DC799C /* ViewController.swift */; };
		F211BFFD1D2D3A7500DC799C /* Main.storyboard in Resources */ = {isa = PBXBuildFile; fileRef = F211BFFB1D2D3A7500DC799C /* Main.storyboard */; };
		F211BFFF1D2D3A7500DC799C /* Assets.xcassets in Resources */ = {isa = PBXBuildFile; fileRef = F211BFFE1D2D3A7500DC799C /* Assets.xcassets */; };
		F211C0021D2D3A7500DC799C /* LaunchScreen.storyboard in Resources */ = {isa = PBXBuildFile; fileRef = F211C0001D2D3A7500DC799C /* LaunchScreen.storyboard */; };
		F21F440E1D38B49F007BC965 /* Swift lesson1.app in Resources */ = {isa = PBXBuildFile; fileRef = F211BFF41D2D3A7500DC799C /* Swift lesson1.app */; };
		F2F90B261D36751D00DC2BB5 /* NotoSansCJKtc-Black.otf in Resources */ = {isa = PBXBuildFile; fileRef = F2F90B251D36751D00DC2BB5 /* NotoSansCJKtc-Black.otf */; };
/* End PBXBuildFile section */

/* Begin PBXFileReference section */
		F211BFF41D2D3A7500DC799C /* Swift lesson1.app */ = {isa = PBXFileReference; explicitFileType = wrapper.application; includeInIndex = 0; path = "Swift lesson1.app"; sourceTree = BUILT_PRODUCTS_DIR; };
		F211BFF71D2D3A7500DC799C /* AppDelegate.swift */ = {isa = PBXFileReference; lastKnownFileType = sourcecode.swift; path = AppDelegate.swift; sourceTree = "<group>"; };
		F211BFF91D2D3A7500DC799C /* ViewController.swift */ = {isa = PBXFileReference; lastKnownFileType = sourcecode.swift; path = ViewController.swift; sourceTree = "<group>"; };
		F211BFFC1D2D3A7500DC799C /* Base */ = {isa = PBXFileReference; lastKnownFileType = file.storyboard; name = Base; path = Base.lproj/Main.storyboard; sourceTree = "<group>"; };
		F211BFFE1D2D3A7500DC799C /* Assets.xcassets */ = {isa = PBXFileReference; lastKnownFileType = folder.assetcatalog; path = Assets.xcassets; sourceTree = "<group>"; };
		F211C0011D2D3A7500DC799C /* Base */ = {isa = PBXFileReference; lastKnownFileType = file.storyboard; name = Base; path = Base.lproj/LaunchScreen.storyboard; sourceTree = "<group>"; };
		F211C0031D2D3A7500DC799C /* Info.plist */ = {isa = PBXFileReference; lastKnownFileType = text.plist.xml; path = Info.plist; sourceTree = "<group>"; };
		F2F90B251D36751D00DC2BB5 /* NotoSansCJKtc-Black.otf */ = {isa = PBXFileReference; lastKnownFileType = file; path = "NotoSansCJKtc-Black.otf"; sourceTree = "<group>"; };
/* End PBXFileReference section */

/* Begin PBXFrameworksBuildPhase section */
		F211BFF11D2D3A7500DC799C /* Frameworks */ = {
			isa = PBXFrameworksBuildPhase;
			buildActionMask = 2147483647;
			files = (
			);
			runOnlyForDeploymentPostprocessing = 0;
		};
/* End PBXFrameworksBuildPhase section */

/* Begin PBXGroup section */
		F211BFEB1D2D3A7500DC799C = {
			isa = PBXGroup;
			children = (
				F211BFF61D2D3A7500DC799C /* Swift lesson1 */,
				F211BFF51D2D3A7500DC799C /* Products */,
				F2F90B251D36751D00DC2BB5 /* NotoSansCJKtc-Black.otf */,
			);
			sourceTree = "<group>";
		};
		F211BFF51D2D3A7500DC799C /* Products */ = {
			isa = PBXGroup;
			children = (
				F211BFF41D2D3A7500DC799C /* Swift lesson1.app */,
			);
			name = Products;
			sourceTree = "<group>";
		};
		F211BFF61D2D3A7500DC799C /* Swift lesson1 */ = {
			isa = PBXGroup;
			children = (
				F211BFF71D2D3A7500DC799C /* AppDelegate.swift */,
				F211BFF91D2D3A7500DC799C /* ViewController.swift */,
				F211BFFB1D2D3A7500DC799C /* Main.storyboard */,
				F211BFFE1D2D3A7500DC799C /* Assets.xcassets */,
				F211C0001D2D3A7500DC799C /* LaunchScreen.storyboard */,
				F211C0031D2D3A7500DC799C /* Info.plist */,
			);
			path = "Swift lesson1";
			sourceTree = "<group>";
		};
/* End PBXGroup section */

/* Begin PBXNativeTarget section */
		F211BFF31D2D3A7500DC799C /* Swift lesson1 */ = {
			isa = PBXNativeTarget;
			buildConfigurationList = F211C0061D2D3A7500DC799C /* Build configuration list for PBXNativeTarget "Swift lesson1" */;
			buildPhases = (
				F211BFF01D2D3A7500DC799C /* Sources */,
				F211BFF11D2D3A7500DC799C /* Frameworks */,
				F211BFF21D2D3A7500DC799C /* Resources */,
			);
			buildRules = (
			);
			dependencies = (
			);
			name = "Swift lesson1";
			productName = "Swift lesson1";
			productReference = F211BFF41D2D3A7500DC799C /* Swift lesson1.app */;
			productType = "com.apple.product-type.application";
		};
/* End PBXNativeTarget section */

/* Begin PBXProject section */
		F211BFEC1D2D3A7500DC799C /* Project object */ = {
			isa = PBXProject;
			attributes = {
				LastSwiftUpdateCheck = 0800;
				LastUpgradeCheck = 0800;
				ORGANIZATIONNAME = Eason;
				TargetAttributes = {
					F211BFF31D2D3A7500DC799C = {
						CreatedOnToolsVersion = 8.0;
						DevelopmentTeam = 6ZTTUVDW22;
						DevelopmentTeamName = "力瑋 鄧 (Personal Team)";
						ProvisioningStyle = Automatic;
					};
				};
			};
			buildConfigurationList = F211BFEF1D2D3A7500DC799C /* Build configuration list for PBXProject "Swift lesson1" */;
			compatibilityVersion = "Xcode 3.2";
			developmentRegion = English;
			hasScannedForEncodings = 0;
			knownRegions = (
				en,
				Base,
			);
			mainGroup = F211BFEB1D2D3A7500DC799C;
			productRefGroup = F211BFF51D2D3A7500DC799C /* Products */;
			projectDirPath = "";
			projectRoot = "";
			targets = (
				F211BFF31D2D3A7500DC799C /* Swift lesson1 */,
			);
		};
/* End PBXProject section */

/* Begin PBXResourcesBuildPhase section */
		F211BFF21D2D3A7500DC799C /* Resources */ = {
			isa = PBXResourcesBuildPhase;
			buildActionMask = 2147483647;
			files = (
				F21F440E1D38B49F007BC965 /* Swift lesson1.app in Resources */,
				F2F90B261D36751D00DC2BB5 /* NotoSansCJKtc-Black.otf in Resources */,
				F211C0021D2D3A7500DC799C /* LaunchScreen.storyboard in Resources */,
				F211BFFF1D2D3A7500DC799C /* Assets.xcassets in Resources */,
				F211BFFD1D2D3A7500DC799C /* Main.storyboard in Resources */,
			);
			runOnlyForDeploymentPostprocessing = 0;
		};
/* End PBXResourcesBuildPhase section */

/* Begin PBXSourcesBuildPhase section */
		F211BFF01D2D3A7500DC799C /* Sources */ = {
			isa = PBXSourcesBuildPhase;
			buildActionMask = 2147483647;
			files = (
				F211BFFA1D2D3A7500DC799C /* ViewController.swift in Sources */,
				F211BFF81D2D3A7500DC799C /* AppDelegate.swift in Sources */,
			);
			runOnlyForDeploymentPostprocessing = 0;
		};
/* End PBXSourcesBuildPhase section */

/* Begin PBXVariantGroup section */
		F211BFFB1D2D3A7500DC799C /* Main.storyboard */ = {
			isa = PBXVariantGroup;
			children = (
				F211BFFC1D2D3A7500DC799C /* Base */,
			);
			name = Main.storyboard;
			sourceTree = "<group>";
		};
		F211C0001D2D3A7500DC799C /* LaunchScreen.storyboard */ = {
			isa = PBXVariantGroup;
			children = (
				F211C0011D2D3A7500DC799C /* Base */,
			);
			name = LaunchScreen.storyboard;
			sourceTree = "<group>";
		};
/* End PBXVariantGroup section */

/* Begin XCBuildConfiguration section */
		F211C0041D2D3A7500DC799C /* Debug */ = {
			isa = XCBuildConfiguration;
			buildSettings = {
				ALWAYS_SEARCH_USER_PATHS = NO;
				CLANG_ANALYZER_NONNULL = YES;
				CLANG_CXX_LANGUAGE_STANDARD = "gnu++0x";
				CLANG_CXX_LIBRARY = "libc++";
				CLANG_ENABLE_MODULES = YES;
				CLANG_ENABLE_OBJC_ARC = YES;
				CLANG_WARN_BOOL_CONVERSION = YES;
				CLANG_WARN_CONSTANT_CONVERSION = YES;
				CLANG_WARN_DIRECT_OBJC_ISA_USAGE = YES_ERROR;
				CLANG_WARN_DOCUMENTATION_COMMENTS = YES;
				CLANG_WARN_EMPTY_BODY = YES;
				CLANG_WARN_ENUM_CONVERSION = YES;
				CLANG_WARN_INT_CONVERSION = YES;
				CLANG_WARN_OBJC_ROOT_CLASS = YES_ERROR;
				CLANG_WARN_UNREACHABLE_CODE = YES;
				CLANG_WARN__DUPLICATE_METHOD_MATCH = YES;
				"CODE_SIGN_IDENTITY[sdk=iphoneos*]" = "iPhone Developer";
				COPY_PHASE_STRIP = NO;
				DEBUG_INFORMATION_FORMAT = dwarf;
				ENABLE_STRICT_OBJC_MSGSEND = YES;
				ENABLE_TESTABILITY = YES;
				GCC_C_LANGUAGE_STANDARD = gnu99;
				GCC_DYNAMIC_NO_PIC = NO;
				GCC_NO_COMMON_BLOCKS = YES;
				GCC_OPTIMIZATION_LEVEL = 0;
				GCC_PREPROCESSOR_DEFINITIONS = (
					"DEBUG=1",
					"$(inherited)",
				);
				GCC_WARN_64_TO_32_BIT_CONVERSION = YES;
				GCC_WARN_ABOUT_RETURN_TYPE = YES_ERROR;
				GCC_WARN_UNDECLARED_SELECTOR = YES;
				GCC_WARN_UNINITIALIZED_AUTOS = YES_AGGRESSIVE;
				GCC_WARN_UNUSED_FUNCTION = YES;
				GCC_WARN_UNUSED_VARIABLE = YES;
				IPHONEOS_DEPLOYMENT_TARGET = 9.3;
				MTL_ENABLE_DEBUG_INFO = YES;
				ONLY_ACTIVE_ARCH = YES;
				SDKROOT = iphoneos;
				SWIFT_ACTIVE_COMPILATION_CONDITIONS = DEBUG;
				SWIFT_OPTIMIZATION_LEVEL = "-Onone";
			};
			name = Debug;
		};
		F211C0051D2D3A7500DC799C /* Release */ = {
			isa = XCBuildConfiguration;
			buildSettings = {
				ALWAYS_SEARCH_USER_PATHS = NO;
				CLANG_ANALYZER_NONNULL = YES;
				CLANG_CXX_LANGUAGE_STANDARD = "gnu++0x";
				CLANG_CXX_LIBRARY = "libc++";
				CLANG_ENABLE_MODULES = YES;
				CLANG_ENABLE_OBJC_ARC = YES;
				CLANG_WARN_BOOL_CONVERSION = YES;
				CLANG_WARN_CONSTANT_CONVERSION = YES;
				CLANG_WARN_DIRECT_OBJC_ISA_USAGE = YES_ERROR;
				CLANG_WARN_DOCUMENTATION_COMMENTS = YES;
				CLANG_WARN_EMPTY_BODY = YES;
				CLANG_WARN_ENUM_CONVERSION = YES;
				CLANG_WARN_INT_CONVERSION = YES;
				CLANG_WARN_OBJC_ROOT_CLASS = YES_ERROR;
				CLANG_WARN_UNREACHABLE_CODE = YES;
				CLANG_WARN__DUPLICATE_METHOD_MATCH = YES;
				"CODE_SIGN_IDENTITY[sdk=iphoneos*]" = "iPhone Developer";
				COPY_PHASE_STRIP = NO;
				DEBUG_INFORMATION_FORMAT = "dwarf-with-dsym";
				ENABLE_NS_ASSERTIONS = NO;
				ENABLE_STRICT_OBJC_MSGSEND = YES;
				GCC_C_LANGUAGE_STANDARD = gnu99;
				GCC_NO_COMMON_BLOCKS = YES;
				GCC_WARN_64_TO_32_BIT_CONVERSION = YES;
				GCC_WARN_ABOUT_RETURN_TYPE = YES_ERROR;
				GCC_WARN_UNDECLARED_SELECTOR = YES;
				GCC_WARN_UNINITIALIZED_AUTOS = YES_AGGRESSIVE;
				GCC_WARN_UNUSED_FUNCTION = YES;
				GCC_WARN_UNUSED_VARIABLE = YES;
				IPHONEOS_DEPLOYMENT_TARGET = 9.3;
				MTL_ENABLE_DEBUG_INFO = NO;
				SDKROOT = iphoneos;
				SWIFT_OPTIMIZATION_LEVEL = "-Owholemodule";
				VALIDATE_PRODUCT = YES;
			};
			name = Release;
		};
		F211C0071D2D3A7500DC799C /* Debug */ = {
			isa = XCBuildConfiguration;
			buildSettings = {
				ASSETCATALOG_COMPILER_APPICON_NAME = AppIcon;
				INFOPLIST_FILE = "Swift lesson1/Info.plist";
				LD_RUNPATH_SEARCH_PATHS = "$(inherited) @executable_path/Frameworks";
				PRODUCT_BUNDLE_IDENTIFIER = "learnswift.Swift-lesson1";
				PRODUCT_NAME = "$(TARGET_NAME)";
				SWIFT_VERSION = 3.0;
			};
			name = Debug;
		};
		F211C0081D2D3A7500DC799C /* Release */ = {
			isa = XCBuildConfiguration;
			buildSettings = {
				ASSETCATALOG_COMPILER_APPICON_NAME = AppIcon;
				INFOPLIST_FILE = "Swift lesson1/Info.plist";
				LD_RUNPATH_SEARCH_PATHS = "$(inherited) @executable_path/Frameworks";
				PRODUCT_BUNDLE_IDENTIFIER = "learnswift.Swift-lesson1";
				PRODUCT_NAME = "$(TARGET_NAME)";
				SWIFT_VERSION = 3.0;
			};
			name = Release;
		};
/* End XCBuildConfiguration section */

/* Begin XCConfigurationList section */
		F211BFEF1D2D3A7500DC799C /* Build configuration list for PBXProject "Swift lesson1" */ = {
			isa = XCConfigurationList;
			buildConfigurations = (
				F211C0041D2D3A7500DC799C /* Debug */,
				F211C0051D2D3A7500DC799C /* Release */,
			);
			defaultConfigurationIsVisible = 0;
			defaultConfigurationName = Release;
		};
		F211C0061D2D3A7500DC799C /* Build configuration list for PBXNativeTarget "Swift lesson1" */ = {
			isa = XCConfigurationList;
			buildConfigurations = (
				F211C0071D2D3A7500DC799C /* Debug */,
				F211C0081D2D3A7500DC799C /* Release */,
			);
			defaultConfigurationIsVisible = 0;
			defaultConfigurationName = Release;
		};
/* End XCConfigurationList section */
	};
	rootObject = F211BFEC1D2D3A7500DC799C /* Project object */;
}
